// !$*UTF8*$!
{
	archiveVersion = 1;
	classes = {
	};
	objectVersion = 77;
	objects = {

/* Begin PBXContainerItemProxy section */
		D7CDAED32D83E908006BD79C /* PBXContainerItemProxy */ = {
			isa = PBXContainerItemProxy;
			containerPortal = D7CDAEBA2D83E905006BD79C /* Project object */;
			proxyType = 1;
			remoteGlobalIDString = D7CDAEC12D83E905006BD79C;
			remoteInfo = ScrollViewCustomSwipeAction;
		};
		D7CDAEDD2D83E908006BD79C /* PBXContainerItemProxy */ = {
			isa = PBXContainerItemProxy;
			containerPortal = D7CDAEBA2D83E905006BD79C /* Project object */;
			proxyType = 1;
			remoteGlobalIDString = D7CDAEC12D83E905006BD79C;
			remoteInfo = ScrollViewCustomSwipeAction;
		};
/* End PBXContainerItemProxy section */

/* Begin PBXFileReference section */
		D7CDAEC22D83E905006BD79C /* ScrollViewCustomSwipeAction.app */ = {isa = PBXFileReference; explicitFileType = wrapper.application; includeInIndex = 0; path = ScrollViewCustomSwipeAction.app; sourceTree = BUILT_PRODUCTS_DIR; };
		D7CDAED22D83E908006BD79C /* ScrollViewCustomSwipeActionTests.xctest */ = {isa = PBXFileReference; explicitFileType = wrapper.cfbundle; includeInIndex = 0; path = ScrollViewCustomSwipeActionTests.xctest; sourceTree = BUILT_PRODUCTS_DIR; };
		D7CDAEDC2D83E908006BD79C /* ScrollViewCustomSwipeActionUITests.xctest */ = {isa = PBXFileReference; explicitFileType = wrapper.cfbundle; includeInIndex = 0; path = ScrollViewCustomSwipeActionUITests.xctest; sourceTree = BUILT_PRODUCTS_DIR; };
/* End PBXFileReference section */

/* Begin PBXFileSystemSynchronizedRootGroup section */
		D7CDAEC42D83E905006BD79C /* ScrollViewCustomSwipeAction */ = {
			isa = PBXFileSystemSynchronizedRootGroup;
			path = ScrollViewCustomSwipeAction;
			sourceTree = "<group>";
		};
		D7CDAED52D83E908006BD79C /* ScrollViewCustomSwipeActionTests */ = {
			isa = PBXFileSystemSynchronizedRootGroup;
			path = ScrollViewCustomSwipeActionTests;
			sourceTree = "<group>";
		};
		D7CDAEDF2D83E908006BD79C /* ScrollViewCustomSwipeActionUITests */ = {
			isa = PBXFileSystemSynchronizedRootGroup;
			path = ScrollViewCustomSwipeActionUITests;
			sourceTree = "<group>";
		};
/* End PBXFileSystemSynchronizedRootGroup section */

/* Begin PBXFrameworksBuildPhase section */
		D7CDAEBF2D83E905006BD79C /* Frameworks */ = {
			isa = PBXFrameworksBuildPhase;
			buildActionMask = 2147483647;
			files = (
			);
			runOnlyForDeploymentPostprocessing = 0;
		};
		D7CDAECF2D83E908006BD79C /* Frameworks */ = {
			isa = PBXFrameworksBuildPhase;
			buildActionMask = 2147483647;
			files = (
			);
			runOnlyForDeploymentPostprocessing = 0;
		};
		D7CDAED92D83E908006BD79C /* Frameworks */ = {
			isa = PBXFrameworksBuildPhase;
			buildActionMask = 2147483647;
			files = (
			);
			runOnlyForDeploymentPostprocessing = 0;
		};
/* End PBXFrameworksBuildPhase section */

/* Begin PBXGroup section */
		D7CDAEB92D83E905006BD79C = {
			isa = PBXGroup;
			children = (
				D7CDAEC42D83E905006BD79C /* ScrollViewCustomSwipeAction */,
				D7CDAED52D83E908006BD79C /* ScrollViewCustomSwipeActionTests */,
				D7CDAEDF2D83E908006BD79C /* ScrollViewCustomSwipeActionUITests */,
				D7CDAEC32D83E905006BD79C /* Products */,
			);
			sourceTree = "<group>";
		};
		D7CDAEC32D83E905006BD79C /* Products */ = {
			isa = PBXGroup;
			children = (
				D7CDAEC22D83E905006BD79C /* ScrollViewCustomSwipeAction.app */,
				D7CDAED22D83E908006BD79C /* ScrollViewCustomSwipeActionTests.xctest */,
				D7CDAEDC2D83E908006BD79C /* ScrollViewCustomSwipeActionUITests.xctest */,
			);
			name = Products;
			sourceTree = "<group>";
		};
/* End PBXGroup section */

/* Begin PBXNativeTarget section */
		D7CDAEC12D83E905006BD79C /* ScrollViewCustomSwipeAction */ = {
			isa = PBXNativeTarget;
			buildConfigurationList = D7CDAEE62D83E908006BD79C /* Build configuration list for PBXNativeTarget "ScrollViewCustomSwipeAction" */;
			buildPhases = (
				D7CDAEBE2D83E905006BD79C /* Sources */,
				D7CDAEBF2D83E905006BD79C /* Frameworks */,
				D7CDAEC02D83E905006BD79C /* Resources */,
			);
			buildRules = (
			);
			dependencies = (
			);
			fileSystemSynchronizedGroups = (
				D7CDAEC42D83E905006BD79C /* ScrollViewCustomSwipeAction */,
			);
			name = ScrollViewCustomSwipeAction;
			packageProductDependencies = (
			);
			productName = ScrollViewCustomSwipeAction;
			productReference = D7CDAEC22D83E905006BD79C /* ScrollViewCustomSwipeAction.app */;
			productType = "com.apple.product-type.application";
		};
		D7CDAED12D83E908006BD79C /* ScrollViewCustomSwipeActionTests */ = {
			isa = PBXNativeTarget;
			buildConfigurationList = D7CDAEE92D83E908006BD79C /* Build configuration list for PBXNativeTarget "ScrollViewCustomSwipeActionTests" */;
			buildPhases = (
				D7CDAECE2D83E908006BD79C /* Sources */,
				D7CDAECF2D83E908006BD79C /* Frameworks */,
				D7CDAED02D83E908006BD79C /* Resources */,
			);
			buildRules = (
			);
			dependencies = (
				D7CDAED42D83E908006BD79C /* PBXTargetDependency */,
			);
			fileSystemSynchronizedGroups = (
				D7CDAED52D83E908006BD79C /* ScrollViewCustomSwipeActionTests */,
			);
			name = ScrollViewCustomSwipeActionTests;
			packageProductDependencies = (
			);
			productName = ScrollViewCustomSwipeActionTests;
			productReference = D7CDAED22D83E908006BD79C /* ScrollViewCustomSwipeActionTests.xctest */;
			productType = "com.apple.product-type.bundle.unit-test";
		};
		D7CDAEDB2D83E908006BD79C /* ScrollViewCustomSwipeActionUITests */ = {
			isa = PBXNativeTarget;
			buildConfigurationList = D7CDAEEC2D83E908006BD79C /* Build configuration list for PBXNativeTarget "ScrollViewCustomSwipeActionUITests" */;
			buildPhases = (
				D7CDAED82D83E908006BD79C /* Sources */,
				D7CDAED92D83E908006BD79C /* Frameworks */,
				D7CDAEDA2D83E908006BD79C /* Resources */,
			);
			buildRules = (
			);
			dependencies = (
				D7CDAEDE2D83E908006BD79C /* PBXTargetDependency */,
			);
			fileSystemSynchronizedGroups = (
				D7CDAEDF2D83E908006BD79C /* ScrollViewCustomSwipeActionUITests */,
			);
			name = ScrollViewCustomSwipeActionUITests;
			packageProductDependencies = (
			);
			productName = ScrollViewCustomSwipeActionUITests;
			productReference = D7CDAEDC2D83E908006BD79C /* ScrollViewCustomSwipeActionUITests.xctest */;
			productType = "com.apple.product-type.bundle.ui-testing";
		};
/* End PBXNativeTarget section */

/* Begin PBXProject section */
		D7CDAEBA2D83E905006BD79C /* Project object */ = {
			isa = PBXProject;
			attributes = {
				BuildIndependentTargetsInParallel = 1;
				LastSwiftUpdateCheck = 1620;
				LastUpgradeCheck = 1620;
				TargetAttributes = {
					D7CDAEC12D83E905006BD79C = {
						CreatedOnToolsVersion = 16.2;
					};
					D7CDAED12D83E908006BD79C = {
						CreatedOnToolsVersion = 16.2;
						TestTargetID = D7CDAEC12D83E905006BD79C;
					};
					D7CDAEDB2D83E908006BD79C = {
						CreatedOnToolsVersion = 16.2;
						TestTargetID = D7CDAEC12D83E905006BD79C;
					};
				};
			};
			buildConfigurationList = D7CDAEBD2D83E905006BD79C /* Build configuration list for PBXProject "ScrollViewCustomSwipeAction" */;
			developmentRegion = en;
			hasScannedForEncodings = 0;
			knownRegions = (
				en,
				Base,
			);
			mainGroup = D7CDAEB92D83E905006BD79C;
			minimizedProjectReferenceProxies = 1;
			preferredProjectObjectVersion = 77;
			productRefGroup = D7CDAEC32D83E905006BD79C /* Products */;
			projectDirPath = "";
			projectRoot = "";
			targets = (
				D7CDAEC12D83E905006BD79C /* ScrollViewCustomSwipeAction */,
				D7CDAED12D83E908006BD79C /* ScrollViewCustomSwipeActionTests */,
				D7CDAEDB2D83E908006BD79C /* ScrollViewCustomSwipeActionUITests */,
			);
		};
/* End PBXProject section */

/* Begin PBXResourcesBuildPhase section */
		D7CDAEC02D83E905006BD79C /* Resources */ = {
			isa = PBXResourcesBuildPhase;
			buildActionMask = 2147483647;
			files = (
			);
			runOnlyForDeploymentPostprocessing = 0;
		};
		D7CDAED02D83E908006BD79C /* Resources */ = {
			isa = PBXResourcesBuildPhase;
			buildActionMask = 2147483647;
			files = (
			);
			runOnlyForDeploymentPostprocessing = 0;
		};
		D7CDAEDA2D83E908006BD79C /* Resources */ = {
			isa = PBXResourcesBuildPhase;
			buildActionMask = 2147483647;
			files = (
			);
			runOnlyForDeploymentPostprocessing = 0;
		};
/* End PBXResourcesBuildPhase section */

/* Begin PBXSourcesBuildPhase section */
		D7CDAEBE2D83E905006BD79C /* Sources */ = {
			isa = PBXSourcesBuildPhase;
			buildActionMask = 2147483647;
			files = (
			);
			runOnlyForDeploymentPostprocessing = 0;
		};
		D7CDAECE2D83E908006BD79C /* Sources */ = {
			isa = PBXSourcesBuildPhase;
			buildActionMask = 2147483647;
			files = (
			);
			runOnlyForDeploymentPostprocessing = 0;
		};
		D7CDAED82D83E908006BD79C /* Sources */ = {
			isa = PBXSourcesBuildPhase;
			buildActionMask = 2147483647;
			files = (
			);
			runOnlyForDeploymentPostprocessing = 0;
		};
/* End PBXSourcesBuildPhase section */

/* Begin PBXTargetDependency section */
		D7CDAED42D83E908006BD79C /* PBXTargetDependency */ = {
			isa = PBXTargetDependency;
			target = D7CDAEC12D83E905006BD79C /* ScrollViewCustomSwipeAction */;
			targetProxy = D7CDAED32D83E908006BD79C /* PBXContainerItemProxy */;
		};
		D7CDAEDE2D83E908006BD79C /* PBXTargetDependency */ = {
			isa = PBXTargetDependency;
			target = D7CDAEC12D83E905006BD79C /* ScrollViewCustomSwipeAction */;
			targetProxy = D7CDAEDD2D83E908006BD79C /* PBXContainerItemProxy */;
		};
/* End PBXTargetDependency section */

/* Begin XCBuildConfiguration section */
		D7CDAEE42D83E908006BD79C /* Debug */ = {
			isa = XCBuildConfiguration;
			buildSettings = {
				ALWAYS_SEARCH_USER_PATHS = NO;
				ASSETCATALOG_COMPILER_GENERATE_SWIFT_ASSET_SYMBOL_EXTENSIONS = YES;
				CLANG_ANALYZER_NONNULL = YES;
				CLANG_ANALYZER_NUMBER_OBJECT_CONVERSION = YES_AGGRESSIVE;
				CLANG_CXX_LANGUAGE_STANDARD = "gnu++20";
				CLANG_ENABLE_MODULES = YES;
				CLANG_ENABLE_OBJC_ARC = YES;
				CLANG_ENABLE_OBJC_WEAK = YES;
				CLANG_WARN_BLOCK_CAPTURE_AUTORELEASING = YES;
				CLANG_WARN_BOOL_CONVERSION = YES;
				CLANG_WARN_COMMA = YES;
				CLANG_WARN_CONSTANT_CONVERSION = YES;
				CLANG_WARN_DEPRECATED_OBJC_IMPLEMENTATIONS = YES;
				CLANG_WARN_DIRECT_OBJC_ISA_USAGE = YES_ERROR;
				CLANG_WARN_DOCUMENTATION_COMMENTS = YES;
				CLANG_WARN_EMPTY_BODY = YES;
				CLANG_WARN_ENUM_CONVERSION = YES;
				CLANG_WARN_INFINITE_RECURSION = YES;
				CLANG_WARN_INT_CONVERSION = YES;
				CLANG_WARN_NON_LITERAL_NULL_CONVERSION = YES;
				CLANG_WARN_OBJC_IMPLICIT_RETAIN_SELF = YES;
				CLANG_WARN_OBJC_LITERAL_CONVERSION = YES;
				CLANG_WARN_OBJC_ROOT_CLASS = YES_ERROR;
				CLANG_WARN_QUOTED_INCLUDE_IN_FRAMEWORK_HEADER = YES;
				CLANG_WARN_RANGE_LOOP_ANALYSIS = YES;
				CLANG_WARN_STRICT_PROTOTYPES = YES;
				CLANG_WARN_SUSPICIOUS_MOVE = YES;
				CLANG_WARN_UNGUARDED_AVAILABILITY = YES_AGGRESSIVE;
				CLANG_WARN_UNREACHABLE_CODE = YES;
				CLANG_WARN__DUPLICATE_METHOD_MATCH = YES;
				COPY_PHASE_STRIP = NO;
				DEBUG_INFORMATION_FORMAT = dwarf;
				ENABLE_STRICT_OBJC_MSGSEND = YES;
				ENABLE_TESTABILITY = YES;
				ENABLE_USER_SCRIPT_SANDBOXING = YES;
				GCC_C_LANGUAGE_STANDARD = gnu17;
				GCC_DYNAMIC_NO_PIC = NO;
				GCC_NO_COMMON_BLOCKS = YES;
				GCC_OPTIMIZATION_LEVEL = 0;
				GCC_PREPROCESSOR_DEFINITIONS = (
					"DEBUG=1",
					"$(inherited)",
				);
				GCC_WARN_64_TO_32_BIT_CONVERSION = YES;
				GCC_WARN_ABOUT_RETURN_TYPE = YES_ERROR;
				GCC_WARN_UNDECLARED_SELECTOR = YES;
				GCC_WARN_UNINITIALIZED_AUTOS = YES_AGGRESSIVE;
				GCC_WARN_UNUSED_FUNCTION = YES;
				GCC_WARN_UNUSED_VARIABLE = YES;
				IPHONEOS_DEPLOYMENT_TARGET = 18.2;
				LOCALIZATION_PREFERS_STRING_CATALOGS = YES;
				MTL_ENABLE_DEBUG_INFO = INCLUDE_SOURCE;
				MTL_FAST_MATH = YES;
				ONLY_ACTIVE_ARCH = YES;
				SDKROOT = iphoneos;
				SWIFT_ACTIVE_COMPILATION_CONDITIONS = "DEBUG $(inherited)";
				SWIFT_OPTIMIZATION_LEVEL = "-Onone";
			};
			name = Debug;
		};
		D7CDAEE52D83E908006BD79C /* Release */ = {
			isa = XCBuildConfiguration;
			buildSettings = {
				ALWAYS_SEARCH_USER_PATHS = NO;
				ASSETCATALOG_COMPILER_GENERATE_SWIFT_ASSET_SYMBOL_EXTENSIONS = YES;
				CLANG_ANALYZER_NONNULL = YES;
				CLANG_ANALYZER_NUMBER_OBJECT_CONVERSION = YES_AGGRESSIVE;
				CLANG_CXX_LANGUAGE_STANDARD = "gnu++20";
				CLANG_ENABLE_MODULES = YES;
				CLANG_ENABLE_OBJC_ARC = YES;
				CLANG_ENABLE_OBJC_WEAK = YES;
				CLANG_WARN_BLOCK_CAPTURE_AUTORELEASING = YES;
				CLANG_WARN_BOOL_CONVERSION = YES;
				CLANG_WARN_COMMA = YES;
				CLANG_WARN_CONSTANT_CONVERSION = YES;
				CLANG_WARN_DEPRECATED_OBJC_IMPLEMENTATIONS = YES;
				CLANG_WARN_DIRECT_OBJC_ISA_USAGE = YES_ERROR;
				CLANG_WARN_DOCUMENTATION_COMMENTS = YES;
				CLANG_WARN_EMPTY_BODY = YES;
				CLANG_WARN_ENUM_CONVERSION = YES;
				CLANG_WARN_INFINITE_RECURSION = YES;
				CLANG_WARN_INT_CONVERSION = YES;
				CLANG_WARN_NON_LITERAL_NULL_CONVERSION = YES;
				CLANG_WARN_OBJC_IMPLICIT_RETAIN_SELF = YES;
				CLANG_WARN_OBJC_LITERAL_CONVERSION = YES;
				CLANG_WARN_OBJC_ROOT_CLASS = YES_ERROR;
				CLANG_WARN_QUOTED_INCLUDE_IN_FRAMEWORK_HEADER = YES;
				CLANG_WARN_RANGE_LOOP_ANALYSIS = YES;
				CLANG_WARN_STRICT_PROTOTYPES = YES;
				CLANG_WARN_SUSPICIOUS_MOVE = YES;
				CLANG_WARN_UNGUARDED_AVAILABILITY = YES_AGGRESSIVE;
				CLANG_WARN_UNREACHABLE_CODE = YES;
				CLANG_WARN__DUPLICATE_METHOD_MATCH = YES;
				COPY_PHASE_STRIP = NO;
				DEBUG_INFORMATION_FORMAT = "dwarf-with-dsym";
				ENABLE_NS_ASSERTIONS = NO;
				ENABLE_STRICT_OBJC_MSGSEND = YES;
				ENABLE_USER_SCRIPT_SANDBOXING = YES;
				GCC_C_LANGUAGE_STANDARD = gnu17;
				GCC_NO_COMMON_BLOCKS = YES;
				GCC_WARN_64_TO_32_BIT_CONVERSION = YES;
				GCC_WARN_ABOUT_RETURN_TYPE = YES_ERROR;
				GCC_WARN_UNDECLARED_SELECTOR = YES;
				GCC_WARN_UNINITIALIZED_AUTOS = YES_AGGRESSIVE;
				GCC_WARN_UNUSED_FUNCTION = YES;
				GCC_WARN_UNUSED_VARIABLE = YES;
				IPHONEOS_DEPLOYMENT_TARGET = 18.2;
				LOCALIZATION_PREFERS_STRING_CATALOGS = YES;
				MTL_ENABLE_DEBUG_INFO = NO;
				MTL_FAST_MATH = YES;
				SDKROOT = iphoneos;
				SWIFT_COMPILATION_MODE = wholemodule;
				VALIDATE_PRODUCT = YES;
			};
			name = Release;
		};
		D7CDAEE72D83E908006BD79C /* Debug */ = {
			isa = XCBuildConfiguration;
			buildSettings = {
				ASSETCATALOG_COMPILER_APPICON_NAME = AppIcon;
				ASSETCATALOG_COMPILER_GLOBAL_ACCENT_COLOR_NAME = AccentColor;
				CODE_SIGN_STYLE = Automatic;
				CURRENT_PROJECT_VERSION = 1;
				DEVELOPMENT_ASSET_PATHS = "\"ScrollViewCustomSwipeAction/Preview Content\"";
				DEVELOPMENT_TEAM = 25SB2NPY44;
				ENABLE_PREVIEWS = YES;
				GENERATE_INFOPLIST_FILE = YES;
				INFOPLIST_KEY_UIApplicationSceneManifest_Generation = YES;
				INFOPLIST_KEY_UIApplicationSupportsIndirectInputEvents = YES;
				INFOPLIST_KEY_UILaunchScreen_Generation = YES;
				INFOPLIST_KEY_UISupportedInterfaceOrientations_iPad = "UIInterfaceOrientationPortrait UIInterfaceOrientationPortraitUpsideDown UIInterfaceOrientationLandscapeLeft UIInterfaceOrientationLandscapeRight";
				INFOPLIST_KEY_UISupportedInterfaceOrientations_iPhone = "UIInterfaceOrientationPortrait UIInterfaceOrientationLandscapeLeft UIInterfaceOrientationLandscapeRight";
				LD_RUNPATH_SEARCH_PATHS = (
					"$(inherited)",
					"@executable_path/Frameworks",
				);
				MARKETING_VERSION = 1.0;
				PRODUCT_BUNDLE_IDENTIFIER = com.nauv.ScrollViewCustomSwipeAction;
				PRODUCT_NAME = "$(TARGET_NAME)";
				SWIFT_EMIT_LOC_STRINGS = YES;
				SWIFT_VERSION = 5.0;
				TARGETED_DEVICE_FAMILY = "1,2";
			};
			name = Debug;
		};
		D7CDAEE82D83E908006BD79C /* Release */ = {
			isa = XCBuildConfiguration;
			buildSettings = {
				ASSETCATALOG_COMPILER_APPICON_NAME = AppIcon;
				ASSETCATALOG_COMPILER_GLOBAL_ACCENT_COLOR_NAME = AccentColor;
				CODE_SIGN_STYLE = Automatic;
				CURRENT_PROJECT_VERSION = 1;
				DEVELOPMENT_ASSET_PATHS = "\"ScrollViewCustomSwipeAction/Preview Content\"";
				DEVELOPMENT_TEAM = 25SB2NPY44;
				ENABLE_PREVIEWS = YES;
				GENERATE_INFOPLIST_FILE = YES;
				INFOPLIST_KEY_UIApplicationSceneManifest_Generation = YES;
				INFOPLIST_KEY_UIApplicationSupportsIndirectInputEvents = YES;
				INFOPLIST_KEY_UILaunchScreen_Generation = YES;
				INFOPLIST_KEY_UISupportedInterfaceOrientations_iPad = "UIInterfaceOrientationPortrait UIInterfaceOrientationPortraitUpsideDown UIInterfaceOrientationLandscapeLeft UIInterfaceOrientationLandscapeRight";
				INFOPLIST_KEY_UISupportedInterfaceOrientations_iPhone = "UIInterfaceOrientationPortrait UIInterfaceOrientationLandscapeLeft UIInterfaceOrientationLandscapeRight";
				LD_RUNPATH_SEARCH_PATHS = (
					"$(inherited)",
					"@executable_path/Frameworks",
				);
				MARKETING_VERSION = 1.0;
				PRODUCT_BUNDLE_IDENTIFIER = com.nauv.ScrollViewCustomSwipeAction;
				PRODUCT_NAME = "$(TARGET_NAME)";
				SWIFT_EMIT_LOC_STRINGS = YES;
				SWIFT_VERSION = 5.0;
				TARGETED_DEVICE_FAMILY = "1,2";
			};
			name = Release;
		};
		D7CDAEEA2D83E908006BD79C /* Debug */ = {
			isa = XCBuildConfiguration;
			buildSettings = {
				BUNDLE_LOADER = "$(TEST_HOST)";
				CODE_SIGN_STYLE = Automatic;
				CURRENT_PROJECT_VERSION = 1;
				DEVELOPMENT_TEAM = 25SB2NPY44;
				GENERATE_INFOPLIST_FILE = YES;
				IPHONEOS_DEPLOYMENT_TARGET = 18.2;
				MARKETING_VERSION = 1.0;
				PRODUCT_BUNDLE_IDENTIFIER = com.nauv.ScrollViewCustomSwipeActionTests;
				PRODUCT_NAME = "$(TARGET_NAME)";
				SWIFT_EMIT_LOC_STRINGS = NO;
				SWIFT_VERSION = 5.0;
				TARGETED_DEVICE_FAMILY = "1,2";
				TEST_HOST = "$(BUILT_PRODUCTS_DIR)/ScrollViewCustomSwipeAction.app/$(BUNDLE_EXECUTABLE_FOLDER_PATH)/ScrollViewCustomSwipeAction";
			};
			name = Debug;
		};
		D7CDAEEB2D83E908006BD79C /* Release */ = {
			isa = XCBuildConfiguration;
			buildSettings = {
				BUNDLE_LOADER = "$(TEST_HOST)";
				CODE_SIGN_STYLE = Automatic;
				CURRENT_PROJECT_VERSION = 1;
				DEVELOPMENT_TEAM = 25SB2NPY44;
				GENERATE_INFOPLIST_FILE = YES;
				IPHONEOS_DEPLOYMENT_TARGET = 18.2;
				MARKETING_VERSION = 1.0;
				PRODUCT_BUNDLE_IDENTIFIER = com.nauv.ScrollViewCustomSwipeActionTests;
				PRODUCT_NAME = "$(TARGET_NAME)";
				SWIFT_EMIT_LOC_STRINGS = NO;
				SWIFT_VERSION = 5.0;
				TARGETED_DEVICE_FAMILY = "1,2";
				TEST_HOST = "$(BUILT_PRODUCTS_DIR)/ScrollViewCustomSwipeAction.app/$(BUNDLE_EXECUTABLE_FOLDER_PATH)/ScrollViewCustomSwipeAction";
			};
			name = Release;
		};
		D7CDAEED2D83E908006BD79C /* Debug */ = {
			isa = XCBuildConfiguration;
			buildSettings = {
				CODE_SIGN_STYLE = Automatic;
				CURRENT_PROJECT_VERSION = 1;
				DEVELOPMENT_TEAM = 25SB2NPY44;
				GENERATE_INFOPLIST_FILE = YES;
				MARKETING_VERSION = 1.0;
				PRODUCT_BUNDLE_IDENTIFIER = com.nauv.ScrollViewCustomSwipeActionUITests;
				PRODUCT_NAME = "$(TARGET_NAME)";
				SWIFT_EMIT_LOC_STRINGS = NO;
				SWIFT_VERSION = 5.0;
				TARGETED_DEVICE_FAMILY = "1,2";
				TEST_TARGET_NAME = ScrollViewCustomSwipeAction;
			};
			name = Debug;
		};
		D7CDAEEE2D83E908006BD79C /* Release */ = {
			isa = XCBuildConfiguration;
			buildSettings = {
				CODE_SIGN_STYLE = Automatic;
				CURRENT_PROJECT_VERSION = 1;
				DEVELOPMENT_TEAM = 25SB2NPY44;
				GENERATE_INFOPLIST_FILE = YES;
				MARKETING_VERSION = 1.0;
				PRODUCT_BUNDLE_IDENTIFIER = com.nauv.ScrollViewCustomSwipeActionUITests;
				PRODUCT_NAME = "$(TARGET_NAME)";
				SWIFT_EMIT_LOC_STRINGS = NO;
				SWIFT_VERSION = 5.0;
				TARGETED_DEVICE_FAMILY = "1,2";
				TEST_TARGET_NAME = ScrollViewCustomSwipeAction;
			};
			name = Release;
		};
/* End XCBuildConfiguration section */

/* Begin XCConfigurationList section */
		D7CDAEBD2D83E905006BD79C /* Build configuration list for PBXProject "ScrollViewCustomSwipeAction" */ = {
			isa = XCConfigurationList;
			buildConfigurations = (
				D7CDAEE42D83E908006BD79C /* Debug */,
				D7CDAEE52D83E908006BD79C /* Release */,
			);
			defaultConfigurationIsVisible = 0;
			defaultConfigurationName = Release;
		};
		D7CDAEE62D83E908006BD79C /* Build configuration list for PBXNativeTarget "ScrollViewCustomSwipeAction" */ = {
			isa = XCConfigurationList;
			buildConfigurations = (
				D7CDAEE72D83E908006BD79C /* Debug */,
				D7CDAEE82D83E908006BD79C /* Release */,
			);
			defaultConfigurationIsVisible = 0;
			defaultConfigurationName = Release;
		};
		D7CDAEE92D83E908006BD79C /* Build configuration list for PBXNativeTarget "ScrollViewCustomSwipeActionTests" */ = {
			isa = XCConfigurationList;
			buildConfigurations = (
				D7CDAEEA2D83E908006BD79C /* Debug */,
				D7CDAEEB2D83E908006BD79C /* Release */,
			);
			defaultConfigurationIsVisible = 0;
			defaultConfigurationName = Release;
		};
		D7CDAEEC2D83E908006BD79C /* Build configuration list for PBXNativeTarget "ScrollViewCustomSwipeActionUITests" */ = {
			isa = XCConfigurationList;
			buildConfigurations = (
				D7CDAEED2D83E908006BD79C /* Debug */,
				D7CDAEEE2D83E908006BD79C /* Release */,
			);
			defaultConfigurationIsVisible = 0;
			defaultConfigurationName = Release;
		};
/* End XCConfigurationList section */
	};
	rootObject = D7CDAEBA2D83E905006BD79C /* Project object */;
}
